// !$*UTF8*$!
{
	archiveVersion = 1;
	classes = {
	};
	objectVersion = 50;
	objects = {

/* Begin PBXBuildFile section */
		8A7BDEB120AFBFAC0010D497 /* AppDelegate.swift in Sources */ = {isa = PBXBuildFile; fileRef = 8A7BDEB020AFBFAC0010D497 /* AppDelegate.swift */; };
		8A7BDEB320AFBFAC0010D497 /* ViewController.swift in Sources */ = {isa = PBXBuildFile; fileRef = 8A7BDEB220AFBFAC0010D497 /* ViewController.swift */; };
		8A7BDEB620AFBFAC0010D497 /* Main.storyboard in Resources */ = {isa = PBXBuildFile; fileRef = 8A7BDEB420AFBFAC0010D497 /* Main.storyboard */; };
		8A7BDEB820AFBFAD0010D497 /* Assets.xcassets in Resources */ = {isa = PBXBuildFile; fileRef = 8A7BDEB720AFBFAD0010D497 /* Assets.xcassets */; };
		8A7BDEBB20AFBFAD0010D497 /* LaunchScreen.storyboard in Resources */ = {isa = PBXBuildFile; fileRef = 8A7BDEB920AFBFAD0010D497 /* LaunchScreen.storyboard */; };
		8AAE065020AFF0C800C5EAB2 /* PercentViewController.swift in Sources */ = {isa = PBXBuildFile; fileRef = 8AAE064F20AFF0C800C5EAB2 /* PercentViewController.swift */; };
		8AAE065220AFF90700C5EAB2 /* ResultViewController.swift in Sources */ = {isa = PBXBuildFile; fileRef = 8AAE065120AFF90700C5EAB2 /* ResultViewController.swift */; };
/* End PBXBuildFile section */

/* Begin PBXFileReference section */
		8A7BDEAD20AFBFAC0010D497 /* MyCalc_20180519.app */ = {isa = PBXFileReference; explicitFileType = wrapper.application; includeInIndex = 0; path = MyCalc_20180519.app; sourceTree = BUILT_PRODUCTS_DIR; };
		8A7BDEB020AFBFAC0010D497 /* AppDelegate.swift */ = {isa = PBXFileReference; lastKnownFileType = sourcecode.swift; path = AppDelegate.swift; sourceTree = "<group>"; };
		8A7BDEB220AFBFAC0010D497 /* ViewController.swift */ = {isa = PBXFileReference; lastKnownFileType = sourcecode.swift; path = ViewController.swift; sourceTree = "<group>"; };
		8A7BDEB520AFBFAC0010D497 /* Base */ = {isa = PBXFileReference; lastKnownFileType = file.storyboard; name = Base; path = Base.lproj/Main.storyboard; sourceTree = "<group>"; };
		8A7BDEB720AFBFAD0010D497 /* Assets.xcassets */ = {isa = PBXFileReference; lastKnownFileType = folder.assetcatalog; path = Assets.xcassets; sourceTree = "<group>"; };
		8A7BDEBA20AFBFAD0010D497 /* Base */ = {isa = PBXFileReference; lastKnownFileType = file.storyboard; name = Base; path = Base.lproj/LaunchScreen.storyboard; sourceTree = "<group>"; };
		8A7BDEBC20AFBFAD0010D497 /* Info.plist */ = {isa = PBXFileReference; lastKnownFileType = text.plist.xml; path = Info.plist; sourceTree = "<group>"; };
		8AAE064F20AFF0C800C5EAB2 /* PercentViewController.swift */ = {isa = PBXFileReference; lastKnownFileType = sourcecode.swift; path = PercentViewController.swift; sourceTree = "<group>"; };
		8AAE065120AFF90700C5EAB2 /* ResultViewController.swift */ = {isa = PBXFileReference; lastKnownFileType = sourcecode.swift; path = ResultViewController.swift; sourceTree = "<group>"; };
/* End PBXFileReference section */

/* Begin PBXFrameworksBuildPhase section */
		8A7BDEAA20AFBFAC0010D497 /* Frameworks */ = {
			isa = PBXFrameworksBuildPhase;
			buildActionMask = 2147483647;
			files = (
			);
			runOnlyForDeploymentPostprocessing = 0;
		};
/* End PBXFrameworksBuildPhase section */

/* Begin PBXGroup section */
		8A7BDEA420AFBFAC0010D497 = {
			isa = PBXGroup;
			children = (
				8A7BDEAF20AFBFAC0010D497 /* MyCalc_20180519 */,
				8A7BDEAE20AFBFAC0010D497 /* Products */,
			);
			sourceTree = "<group>";
		};
		8A7BDEAE20AFBFAC0010D497 /* Products */ = {
			isa = PBXGroup;
			children = (
				8A7BDEAD20AFBFAC0010D497 /* MyCalc_20180519.app */,
			);
			name = Products;
			sourceTree = "<group>";
		};
		8A7BDEAF20AFBFAC0010D497 /* MyCalc_20180519 */ = {
			isa = PBXGroup;
			children = (
				8A7BDEB020AFBFAC0010D497 /* AppDelegate.swift */,
				8A7BDEB220AFBFAC0010D497 /* ViewController.swift */,
				8A7BDEB420AFBFAC0010D497 /* Main.storyboard */,
				8AAE065120AFF90700C5EAB2 /* ResultViewController.swift */,
				8AAE064F20AFF0C800C5EAB2 /* PercentViewController.swift */,
				8A7BDEB720AFBFAD0010D497 /* Assets.xcassets */,
				8A7BDEB920AFBFAD0010D497 /* LaunchScreen.storyboard */,
				8A7BDEBC20AFBFAD0010D497 /* Info.plist */,
			);
			path = MyCalc_20180519;
			sourceTree = "<group>";
		};
/* End PBXGroup section */

/* Begin PBXNativeTarget section */
		8A7BDEAC20AFBFAC0010D497 /* MyCalc_20180519 */ = {
			isa = PBXNativeTarget;
			buildConfigurationList = 8A7BDEBF20AFBFAD0010D497 /* Build configuration list for PBXNativeTarget "MyCalc_20180519" */;
			buildPhases = (
				8A7BDEA920AFBFAC0010D497 /* Sources */,
				8A7BDEAA20AFBFAC0010D497 /* Frameworks */,
				8A7BDEAB20AFBFAC0010D497 /* Resources */,
			);
			buildRules = (
			);
			dependencies = (
			);
			name = MyCalc_20180519;
			productName = MyCalc_20180519;
			productReference = 8A7BDEAD20AFBFAC0010D497 /* MyCalc_20180519.app */;
			productType = "com.apple.product-type.application";
		};
/* End PBXNativeTarget section */

/* Begin PBXProject section */
		8A7BDEA520AFBFAC0010D497 /* Project object */ = {
			isa = PBXProject;
			attributes = {
				LastSwiftUpdateCheck = 0930;
				LastUpgradeCheck = 0930;
				ORGANIZATIONNAME = "Kyohei Naruke";
				TargetAttributes = {
					8A7BDEAC20AFBFAC0010D497 = {
						CreatedOnToolsVersion = 9.3.1;
					};
				};
			};
			buildConfigurationList = 8A7BDEA820AFBFAC0010D497 /* Build configuration list for PBXProject "MyCalc_20180519" */;
			compatibilityVersion = "Xcode 9.3";
			developmentRegion = en;
			hasScannedForEncodings = 0;
			knownRegions = (
				en,
				Base,
			);
			mainGroup = 8A7BDEA420AFBFAC0010D497;
			productRefGroup = 8A7BDEAE20AFBFAC0010D497 /* Products */;
			projectDirPath = "";
			projectRoot = "";
			targets = (
				8A7BDEAC20AFBFAC0010D497 /* MyCalc_20180519 */,
			);
		};
/* End PBXProject section */

/* Begin PBXResourcesBuildPhase section */
		8A7BDEAB20AFBFAC0010D497 /* Resources */ = {
			isa = PBXResourcesBuildPhase;
			buildActionMask = 2147483647;
			files = (
				8A7BDEBB20AFBFAD0010D497 /* LaunchScreen.storyboard in Resources */,
				8A7BDEB820AFBFAD0010D497 /* Assets.xcassets in Resources */,
				8A7BDEB620AFBFAC0010D497 /* Main.storyboard in Resources */,
			);
			runOnlyForDeploymentPostprocessing = 0;
		};
/* End PBXResourcesBuildPhase section */

/* Begin PBXSourcesBuildPhase section */
		8A7BDEA920AFBFAC0010D497 /* Sources */ = {
			isa = PBXSourcesBuildPhase;
			buildActionMask = 2147483647;
			files = (
				8A7BDEB320AFBFAC0010D497 /* ViewController.swift in Sources */,
				8A7BDEB120AFBFAC0010D497 /* AppDelegate.swift in Sources */,
				8AAE065020AFF0C800C5EAB2 /* PercentViewController.swift in Sources */,
				8AAE065220AFF90700C5EAB2 /* ResultViewController.swift in Sources */,
			);
			runOnlyForDeploymentPostprocessing = 0;
		};
/* End PBXSourcesBuildPhase section */

/* Begin PBXVariantGroup section */
		8A7BDEB420AFBFAC0010D497 /* Main.storyboard */ = {
			isa = PBXVariantGroup;
			children = (
				8A7BDEB520AFBFAC0010D497 /* Base */,
			);
			name = Main.storyboard;
			path = MyCalc_20180519;
			sourceTree = SOURCE_ROOT;
		};
		8A7BDEB920AFBFAD0010D497 /* LaunchScreen.storyboard */ = {
			isa = PBXVariantGroup;
			children = (
				8A7BDEBA20AFBFAD0010D497 /* Base */,
			);
			name = LaunchScreen.storyboard;
			sourceTree = "<group>";
		};
/* End PBXVariantGroup section */

/* Begin XCBuildConfiguration section */
		8A7BDEBD20AFBFAD0010D497 /* Debug */ = {
			isa = XCBuildConfiguration;
			buildSettings = {
				ALWAYS_SEARCH_USER_PATHS = NO;
				CLANG_ANALYZER_NONNULL = YES;
				CLANG_ANALYZER_NUMBER_OBJECT_CONVERSION = YES_AGGRESSIVE;
				CLANG_CXX_LANGUAGE_STANDARD = "gnu++14";
				CLANG_CXX_LIBRARY = "libc++";
				CLANG_ENABLE_MODULES = YES;
				CLANG_ENABLE_OBJC_ARC = YES;
				CLANG_ENABLE_OBJC_WEAK = YES;
				CLANG_WARN_BLOCK_CAPTURE_AUTORELEASING = YES;
				CLANG_WARN_BOOL_CONVERSION = YES;
				CLANG_WARN_COMMA = YES;
				CLANG_WARN_CONSTANT_CONVERSION = YES;
				CLANG_WARN_DEPRECATED_OBJC_IMPLEMENTATIONS = YES;
				CLANG_WARN_DIRECT_OBJC_ISA_USAGE = YES_ERROR;
				CLANG_WARN_DOCUMENTATION_COMMENTS = YES;
				CLANG_WARN_EMPTY_BODY = YES;
				CLANG_WARN_ENUM_CONVERSION = YES;
				CLANG_WARN_INFINITE_RECURSION = YES;
				CLANG_WARN_INT_CONVERSION = YES;
				CLANG_WARN_NON_LITERAL_NULL_CONVERSION = YES;
				CLANG_WARN_OBJC_IMPLICIT_RETAIN_SELF = YES;
				CLANG_WARN_OBJC_LITERAL_CONVERSION = YES;
				CLANG_WARN_OBJC_ROOT_CLASS = YES_ERROR;
				CLANG_WARN_RANGE_LOOP_ANALYSIS = YES;
				CLANG_WARN_STRICT_PROTOTYPES = YES;
				CLANG_WARN_SUSPICIOUS_MOVE = YES;
				CLANG_WARN_UNGUARDED_AVAILABILITY = YES_AGGRESSIVE;
				CLANG_WARN_UNREACHABLE_CODE = YES;
				CLANG_WARN__DUPLICATE_METHOD_MATCH = YES;
				CODE_SIGN_IDENTITY = "iPhone Developer";
				COPY_PHASE_STRIP = NO;
				DEBUG_INFORMATION_FORMAT = dwarf;
				ENABLE_STRICT_OBJC_MSGSEND = YES;
				ENABLE_TESTABILITY = YES;
				GCC_C_LANGUAGE_STANDARD = gnu11;
				GCC_DYNAMIC_NO_PIC = NO;
				GCC_NO_COMMON_BLOCKS = YES;
				GCC_OPTIMIZATION_LEVEL = 0;
				GCC_PREPROCESSOR_DEFINITIONS = (
					"DEBUG=1",
					"$(inherited)",
				);
				GCC_WARN_64_TO_32_BIT_CONVERSION = YES;
				GCC_WARN_ABOUT_RETURN_TYPE = YES_ERROR;
				GCC_WARN_UNDECLARED_SELECTOR = YES;
				GCC_WARN_UNINITIALIZED_AUTOS = YES_AGGRESSIVE;
				GCC_WARN_UNUSED_FUNCTION = YES;
				GCC_WARN_UNUSED_VARIABLE = YES;
				IPHONEOS_DEPLOYMENT_TARGET = 11.3;
				MTL_ENABLE_DEBUG_INFO = YES;
				ONLY_ACTIVE_ARCH = YES;
				SDKROOT = iphoneos;
				SWIFT_ACTIVE_COMPILATION_CONDITIONS = DEBUG;
				SWIFT_OPTIMIZATION_LEVEL = "-Onone";
			};
			name = Debug;
		};
		8A7BDEBE20AFBFAD0010D497 /* Release */ = {
			isa = XCBuildConfiguration;
			buildSettings = {
				ALWAYS_SEARCH_USER_PATHS = NO;
				CLANG_ANALYZER_NONNULL = YES;
				CLANG_ANALYZER_NUMBER_OBJECT_CONVERSION = YES_AGGRESSIVE;
				CLANG_CXX_LANGUAGE_STANDARD = "gnu++14";
				CLANG_CXX_LIBRARY = "libc++";
				CLANG_ENABLE_MODULES = YES;
				CLANG_ENABLE_OBJC_ARC = YES;
				CLANG_ENABLE_OBJC_WEAK = YES;
				CLANG_WARN_BLOCK_CAPTURE_AUTORELEASING = YES;
				CLANG_WARN_BOOL_CONVERSION = YES;
				CLANG_WARN_COMMA = YES;
				CLANG_WARN_CONSTANT_CONVERSION = YES;
				CLANG_WARN_DEPRECATED_OBJC_IMPLEMENTATIONS = YES;
				CLANG_WARN_DIRECT_OBJC_ISA_USAGE = YES_ERROR;
				CLANG_WARN_DOCUMENTATION_COMMENTS = YES;
				CLANG_WARN_EMPTY_BODY = YES;
				CLANG_WARN_ENUM_CONVERSION = YES;
				CLANG_WARN_INFINITE_RECURSION = YES;
				CLANG_WARN_INT_CONVERSION = YES;
				CLANG_WARN_NON_LITERAL_NULL_CONVERSION = YES;
				CLANG_WARN_OBJC_IMPLICIT_RETAIN_SELF = YES;
				CLANG_WARN_OBJC_LITERAL_CONVERSION = YES;
				CLANG_WARN_OBJC_ROOT_CLASS = YES_ERROR;
				CLANG_WARN_RANGE_LOOP_ANALYSIS = YES;
				CLANG_WARN_STRICT_PROTOTYPES = YES;
				CLANG_WARN_SUSPICIOUS_MOVE = YES;
				CLANG_WARN_UNGUARDED_AVAILABILITY = YES_AGGRESSIVE;
				CLANG_WARN_UNREACHABLE_CODE = YES;
				CLANG_WARN__DUPLICATE_METHOD_MATCH = YES;
				CODE_SIGN_IDENTITY = "iPhone Developer";
				COPY_PHASE_STRIP = NO;
				DEBUG_INFORMATION_FORMAT = "dwarf-with-dsym";
				ENABLE_NS_ASSERTIONS = NO;
				ENABLE_STRICT_OBJC_MSGSEND = YES;
				GCC_C_LANGUAGE_STANDARD = gnu11;
				GCC_NO_COMMON_BLOCKS = YES;
				GCC_WARN_64_TO_32_BIT_CONVERSION = YES;
				GCC_WARN_ABOUT_RETURN_TYPE = YES_ERROR;
				GCC_WARN_UNDECLARED_SELECTOR = YES;
				GCC_WARN_UNINITIALIZED_AUTOS = YES_AGGRESSIVE;
				GCC_WARN_UNUSED_FUNCTION = YES;
				GCC_WARN_UNUSED_VARIABLE = YES;
				IPHONEOS_DEPLOYMENT_TARGET = 11.3;
				MTL_ENABLE_DEBUG_INFO = NO;
				SDKROOT = iphoneos;
				SWIFT_COMPILATION_MODE = wholemodule;
				SWIFT_OPTIMIZATION_LEVEL = "-O";
				VALIDATE_PRODUCT = YES;
			};
			name = Release;
		};
		8A7BDEC020AFBFAD0010D497 /* Debug */ = {
			isa = XCBuildConfiguration;
			buildSettings = {
				ASSETCATALOG_COMPILER_APPICON_NAME = AppIcon;
				CODE_SIGN_STYLE = Automatic;
				DEVELOPMENT_TEAM = 85RC6QJ5CK;
				INFOPLIST_FILE = MyCalc_20180519/Info.plist;
				LD_RUNPATH_SEARCH_PATHS = (
					"$(inherited)",
					"@executable_path/Frameworks",
				);
				PRODUCT_BUNDLE_IDENTIFIER = "jp.narukek.MyCalc-20180519";
				PRODUCT_NAME = "$(TARGET_NAME)";
				SWIFT_VERSION = 4.0;
				TARGETED_DEVICE_FAMILY = "1,2";
			};
			name = Debug;
		};
		8A7BDEC120AFBFAD0010D497 /* Release */ = {
			isa = XCBuildConfiguration;
			buildSettings = {
				ASSETCATALOG_COMPILER_APPICON_NAME = AppIcon;
				CODE_SIGN_STYLE = Automatic;
				DEVELOPMENT_TEAM = 85RC6QJ5CK;
				INFOPLIST_FILE = MyCalc_20180519/Info.plist;
				LD_RUNPATH_SEARCH_PATHS = (
					"$(inherited)",
					"@executable_path/Frameworks",
				);
				PRODUCT_BUNDLE_IDENTIFIER = "jp.narukek.MyCalc-20180519";
				PRODUCT_NAME = "$(TARGET_NAME)";
				SWIFT_VERSION = 4.0;
				TARGETED_DEVICE_FAMILY = "1,2";
			};
			name = Release;
		};
/* End XCBuildConfiguration section */

/* Begin XCConfigurationList section */
		8A7BDEA820AFBFAC0010D497 /* Build configuration list for PBXProject "MyCalc_20180519" */ = {
			isa = XCConfigurationList;
			buildConfigurations = (
				8A7BDEBD20AFBFAD0010D497 /* Debug */,
				8A7BDEBE20AFBFAD0010D497 /* Release */,
			);
			defaultConfigurationIsVisible = 0;
			defaultConfigurationName = Release;
		};
		8A7BDEBF20AFBFAD0010D497 /* Build configuration list for PBXNativeTarget "MyCalc_20180519" */ = {
			isa = XCConfigurationList;
			buildConfigurations = (
				8A7BDEC020AFBFAD0010D497 /* Debug */,
				8A7BDEC120AFBFAD0010D497 /* Release */,
			);
			defaultConfigurationIsVisible = 0;
			defaultConfigurationName = Release;
		};
/* End XCConfigurationList section */
	};
	rootObject = 8A7BDEA520AFBFAC0010D497 /* Project object */;
}
